
Microsoft Visual Studio Solution File, Format Version 12.00
# Visual Studio Version 16
VisualStudioVersion = 16.0.29123.88
MinimumVisualStudioVersion = 10.0.40219.1
Project("{6EC3EE1D-3C4E-46DD-8F32-0CC8E7565705}") = "SLClingo", "src\SLClingo.fsproj", "{ACEFD013-1844-416F-957A-F7FCB582CC19}"
EndProject
Project("{F2A71F9B-5D33-465A-A702-920D77279786}") = "SLClingoTest", "test\SLClingoTest.fsproj", "{ED94CE47-572D-4C2E-BA24-712ADE1E9134}"
EndProject
Global
	GlobalSection(SolutionConfigurationPlatforms) = preSolution
		Debug|Any CPU = Debug|Any CPU
		Release|Any CPU = Release|Any CPU
	EndGlobalSection
	GlobalSection(ProjectConfigurationPlatforms) = postSolution
		{ACEFD013-1844-416F-957A-F7FCB582CC19}.Debug|Any CPU.ActiveCfg = Debug|Any CPU
		{ACEFD013-1844-416F-957A-F7FCB582CC19}.Debug|Any CPU.Build.0 = Debug|Any CPU
		{ACEFD013-1844-416F-957A-F7FCB582CC19}.Release|Any CPU.ActiveCfg = Release|Any CPU
		{ACEFD013-1844-416F-957A-F7FCB582CC19}.Release|Any CPU.Build.0 = Release|Any CPU
		{ED94CE47-572D-4C2E-BA24-712ADE1E9134}.Debug|Any CPU.ActiveCfg = Debug|Any CPU
		{ED94CE47-572D-4C2E-BA24-712ADE1E9134}.Debug|Any CPU.Build.0 = Debug|Any CPU
		{ED94CE47-572D-4C2E-BA24-712ADE1E9134}.Release|Any CPU.ActiveCfg = Release|Any CPU
		{ED94CE47-572D-4C2E-BA24-712ADE1E9134}.Release|Any CPU.Build.0 = Release|Any CPU
	EndGlobalSection
	GlobalSection(SolutionProperties) = preSolution
		HideSolutionNode = FALSE
	EndGlobalSection
	GlobalSection(ExtensibilityGlobals) = postSolution
		SolutionGuid = {6F5CB6A8-B1C0-4C6C-A071-88F2B117881D}
	EndGlobalSection
EndGlobal
