
Microsoft Visual Studio Solution File, Format Version 12.00
# Visual Studio Version 16
VisualStudioVersion = 16.0.29009.5
MinimumVisualStudioVersion = 10.0.40219.1
Project("{F2A71F9B-5D33-465A-A702-920D77279786}") = "SLPotassco", "src\SLPotassco.fsproj", "{309F9EAD-2139-4465-801F-3B58973D6A02}"
EndProject
Project("{F2A71F9B-5D33-465A-A702-920D77279786}") = "SLPotasscoTest", "test\SLPotasscoTest.fsproj", "{C546F18C-171E-4D40-952A-E0556E5302CC}"
EndProject
Global
	GlobalSection(SolutionConfigurationPlatforms) = preSolution
		Debug|Any CPU = Debug|Any CPU
		Release|Any CPU = Release|Any CPU
	EndGlobalSection
	GlobalSection(ProjectConfigurationPlatforms) = postSolution
		{309F9EAD-2139-4465-801F-3B58973D6A02}.Debug|Any CPU.ActiveCfg = Debug|Any CPU
		{309F9EAD-2139-4465-801F-3B58973D6A02}.Debug|Any CPU.Build.0 = Debug|Any CPU
		{309F9EAD-2139-4465-801F-3B58973D6A02}.Release|Any CPU.ActiveCfg = Release|Any CPU
		{309F9EAD-2139-4465-801F-3B58973D6A02}.Release|Any CPU.Build.0 = Release|Any CPU
		{C546F18C-171E-4D40-952A-E0556E5302CC}.Debug|Any CPU.ActiveCfg = Debug|Any CPU
		{C546F18C-171E-4D40-952A-E0556E5302CC}.Debug|Any CPU.Build.0 = Debug|Any CPU
		{C546F18C-171E-4D40-952A-E0556E5302CC}.Release|Any CPU.ActiveCfg = Release|Any CPU
		{C546F18C-171E-4D40-952A-E0556E5302CC}.Release|Any CPU.Build.0 = Release|Any CPU
	EndGlobalSection
	GlobalSection(SolutionProperties) = preSolution
		HideSolutionNode = FALSE
	EndGlobalSection
	GlobalSection(ExtensibilityGlobals) = postSolution
		SolutionGuid = {7EA31A1D-3CFC-4012-AFBB-9B75C491109A}
	EndGlobalSection
EndGlobal
